
Microsoft Visual Studio Solution File, Format Version 12.00
# Visual Studio Version 17
VisualStudioVersion = 17.0.31903.59
MinimumVisualStudioVersion = 10.0.40219.1
Project("{2150E333-8FDC-42A3-9474-1A3956D46DE8}") = "src", "src", "{827E0CD3-B72D-47B6-A68D-7590B98EB39B}"
EndProject
Project("{FAE04EC0-301F-11D3-BF4B-00C04F79EFBC}") = "GitOpen.Domain", "src\GitOpen.Domain\GitOpen.Domain.csproj", "{7715478F-22BB-4D3C-B5C1-4C1832730353}"
EndProject
Project("{FAE04EC0-301F-11D3-BF4B-00C04F79EFBC}") = "GitOpen.Application", "src\GitOpen.Application\GitOpen.Application.csproj", "{0A5D3054-75FD-419F-908C-B60E1A77FD94}"
EndProject
Project("{FAE04EC0-301F-11D3-BF4B-00C04F79EFBC}") = "GitOpen.Infrastructure", "src\GitOpen.Infrastructure\GitOpen.Infrastructure.csproj", "{2D4B8ACA-7DDF-4B31-BB7E-11AAF9B4D04D}"
EndProject
Project("{FAE04EC0-301F-11D3-BF4B-00C04F79EFBC}") = "GitOpen.Ui", "src\GitOpen.Ui\GitOpen.Ui.csproj", "{70A7EF82-6E09-4940-8AD1-9ADBE0D1174B}"
EndProject
Project("{2150E333-8FDC-42A3-9474-1A3956D46DE8}") = "tests", "tests", "{0AB3BF05-4346-4AA6-1389-037BE0695223}"
EndProject
Project("{FAE04EC0-301F-11D3-BF4B-00C04F79EFBC}") = "GitOpen.Domain.Tests", "tests\GitOpen.Domain.Tests\GitOpen.Domain.Tests.csproj", "{709FA6AE-B6BC-4BD1-9F8E-0957B65367CD}"
EndProject
Project("{FAE04EC0-301F-11D3-BF4B-00C04F79EFBC}") = "GitOpen.Application.Tests", "tests\GitOpen.Application.Tests\GitOpen.Application.Tests.csproj", "{F3E12932-31F7-47D2-9B24-DCD8E40AC8FE}"
EndProject
Project("{FAE04EC0-301F-11D3-BF4B-00C04F79EFBC}") = "GitOpen.Infrastructure.Tests", "tests\GitOpen.Infrastructure.Tests\GitOpen.Infrastructure.Tests.csproj", "{3954A634-68E6-453E-BA89-719C7B92EE36}"
EndProject
Project("{FAE04EC0-301F-11D3-BF4B-00C04F79EFBC}") = "GitOpen.Ui.Tests", "tests\GitOpen.Ui.Tests\GitOpen.Ui.Tests.csproj", "{A80CA87B-C98A-4066-892C-E5598C4A643A}"
EndProject
Global
	GlobalSection(SolutionConfigurationPlatforms) = preSolution
		Debug|Any CPU = Debug|Any CPU
		Debug|x64 = Debug|x64
		Debug|x86 = Debug|x86
		Release|Any CPU = Release|Any CPU
		Release|x64 = Release|x64
		Release|x86 = Release|x86
	EndGlobalSection
	GlobalSection(ProjectConfigurationPlatforms) = postSolution
		{7715478F-22BB-4D3C-B5C1-4C1832730353}.Debug|Any CPU.ActiveCfg = Debug|Any CPU
		{7715478F-22BB-4D3C-B5C1-4C1832730353}.Debug|Any CPU.Build.0 = Debug|Any CPU
		{7715478F-22BB-4D3C-B5C1-4C1832730353}.Debug|x64.ActiveCfg = Debug|Any CPU
		{7715478F-22BB-4D3C-B5C1-4C1832730353}.Debug|x64.Build.0 = Debug|Any CPU
		{7715478F-22BB-4D3C-B5C1-4C1832730353}.Debug|x86.ActiveCfg = Debug|Any CPU
		{7715478F-22BB-4D3C-B5C1-4C1832730353}.Debug|x86.Build.0 = Debug|Any CPU
		{7715478F-22BB-4D3C-B5C1-4C1832730353}.Release|Any CPU.ActiveCfg = Release|Any CPU
		{7715478F-22BB-4D3C-B5C1-4C1832730353}.Release|Any CPU.Build.0 = Release|Any CPU
		{7715478F-22BB-4D3C-B5C1-4C1832730353}.Release|x64.ActiveCfg = Release|Any CPU
		{7715478F-22BB-4D3C-B5C1-4C1832730353}.Release|x64.Build.0 = Release|Any CPU
		{7715478F-22BB-4D3C-B5C1-4C1832730353}.Release|x86.ActiveCfg = Release|Any CPU
		{7715478F-22BB-4D3C-B5C1-4C1832730353}.Release|x86.Build.0 = Release|Any CPU
		{0A5D3054-75FD-419F-908C-B60E1A77FD94}.Debug|Any CPU.ActiveCfg = Debug|Any CPU
		{0A5D3054-75FD-419F-908C-B60E1A77FD94}.Debug|Any CPU.Build.0 = Debug|Any CPU
		{0A5D3054-75FD-419F-908C-B60E1A77FD94}.Debug|x64.ActiveCfg = Debug|Any CPU
		{0A5D3054-75FD-419F-908C-B60E1A77FD94}.Debug|x64.Build.0 = Debug|Any CPU
		{0A5D3054-75FD-419F-908C-B60E1A77FD94}.Debug|x86.ActiveCfg = Debug|Any CPU
		{0A5D3054-75FD-419F-908C-B60E1A77FD94}.Debug|x86.Build.0 = Debug|Any CPU
		{0A5D3054-75FD-419F-908C-B60E1A77FD94}.Release|Any CPU.ActiveCfg = Release|Any CPU
		{0A5D3054-75FD-419F-908C-B60E1A77FD94}.Release|Any CPU.Build.0 = Release|Any CPU
		{0A5D3054-75FD-419F-908C-B60E1A77FD94}.Release|x64.ActiveCfg = Release|Any CPU
		{0A5D3054-75FD-419F-908C-B60E1A77FD94}.Release|x64.Build.0 = Release|Any CPU
		{0A5D3054-75FD-419F-908C-B60E1A77FD94}.Release|x86.ActiveCfg = Release|Any CPU
		{0A5D3054-75FD-419F-908C-B60E1A77FD94}.Release|x86.Build.0 = Release|Any CPU
		{2D4B8ACA-7DDF-4B31-BB7E-11AAF9B4D04D}.Debug|Any CPU.ActiveCfg = Debug|Any CPU
		{2D4B8ACA-7DDF-4B31-BB7E-11AAF9B4D04D}.Debug|Any CPU.Build.0 = Debug|Any CPU
		{2D4B8ACA-7DDF-4B31-BB7E-11AAF9B4D04D}.Debug|x64.ActiveCfg = Debug|Any CPU
		{2D4B8ACA-7DDF-4B31-BB7E-11AAF9B4D04D}.Debug|x64.Build.0 = Debug|Any CPU
		{2D4B8ACA-7DDF-4B31-BB7E-11AAF9B4D04D}.Debug|x86.ActiveCfg = Debug|Any CPU
		{2D4B8ACA-7DDF-4B31-BB7E-11AAF9B4D04D}.Debug|x86.Build.0 = Debug|Any CPU
		{2D4B8ACA-7DDF-4B31-BB7E-11AAF9B4D04D}.Release|Any CPU.ActiveCfg = Release|Any CPU
		{2D4B8ACA-7DDF-4B31-BB7E-11AAF9B4D04D}.Release|Any CPU.Build.0 = Release|Any CPU
		{2D4B8ACA-7DDF-4B31-BB7E-11AAF9B4D04D}.Release|x64.ActiveCfg = Release|Any CPU
		{2D4B8ACA-7DDF-4B31-BB7E-11AAF9B4D04D}.Release|x64.Build.0 = Release|Any CPU
		{2D4B8ACA-7DDF-4B31-BB7E-11AAF9B4D04D}.Release|x86.ActiveCfg = Release|Any CPU
		{2D4B8ACA-7DDF-4B31-BB7E-11AAF9B4D04D}.Release|x86.Build.0 = Release|Any CPU
		{70A7EF82-6E09-4940-8AD1-9ADBE0D1174B}.Debug|Any CPU.ActiveCfg = Debug|Any CPU
		{70A7EF82-6E09-4940-8AD1-9ADBE0D1174B}.Debug|Any CPU.Build.0 = Debug|Any CPU
		{70A7EF82-6E09-4940-8AD1-9ADBE0D1174B}.Debug|x64.ActiveCfg = Debug|Any CPU
		{70A7EF82-6E09-4940-8AD1-9ADBE0D1174B}.Debug|x64.Build.0 = Debug|Any CPU
		{70A7EF82-6E09-4940-8AD1-9ADBE0D1174B}.Debug|x86.ActiveCfg = Debug|Any CPU
		{70A7EF82-6E09-4940-8AD1-9ADBE0D1174B}.Debug|x86.Build.0 = Debug|Any CPU
		{70A7EF82-6E09-4940-8AD1-9ADBE0D1174B}.Release|Any CPU.ActiveCfg = Release|Any CPU
		{70A7EF82-6E09-4940-8AD1-9ADBE0D1174B}.Release|Any CPU.Build.0 = Release|Any CPU
		{70A7EF82-6E09-4940-8AD1-9ADBE0D1174B}.Release|x64.ActiveCfg = Release|Any CPU
		{70A7EF82-6E09-4940-8AD1-9ADBE0D1174B}.Release|x64.Build.0 = Release|Any CPU
		{70A7EF82-6E09-4940-8AD1-9ADBE0D1174B}.Release|x86.ActiveCfg = Release|Any CPU
		{70A7EF82-6E09-4940-8AD1-9ADBE0D1174B}.Release|x86.Build.0 = Release|Any CPU
		{709FA6AE-B6BC-4BD1-9F8E-0957B65367CD}.Debug|Any CPU.ActiveCfg = Debug|Any CPU
		{709FA6AE-B6BC-4BD1-9F8E-0957B65367CD}.Debug|Any CPU.Build.0 = Debug|Any CPU
		{709FA6AE-B6BC-4BD1-9F8E-0957B65367CD}.Debug|x64.ActiveCfg = Debug|Any CPU
		{709FA6AE-B6BC-4BD1-9F8E-0957B65367CD}.Debug|x64.Build.0 = Debug|Any CPU
		{709FA6AE-B6BC-4BD1-9F8E-0957B65367CD}.Debug|x86.ActiveCfg = Debug|Any CPU
		{709FA6AE-B6BC-4BD1-9F8E-0957B65367CD}.Debug|x86.Build.0 = Debug|Any CPU
		{709FA6AE-B6BC-4BD1-9F8E-0957B65367CD}.Release|Any CPU.ActiveCfg = Release|Any CPU
		{709FA6AE-B6BC-4BD1-9F8E-0957B65367CD}.Release|Any CPU.Build.0 = Release|Any CPU
		{709FA6AE-B6BC-4BD1-9F8E-0957B65367CD}.Release|x64.ActiveCfg = Release|Any CPU
		{709FA6AE-B6BC-4BD1-9F8E-0957B65367CD}.Release|x64.Build.0 = Release|Any CPU
		{709FA6AE-B6BC-4BD1-9F8E-0957B65367CD}.Release|x86.ActiveCfg = Release|Any CPU
		{709FA6AE-B6BC-4BD1-9F8E-0957B65367CD}.Release|x86.Build.0 = Release|Any CPU
		{F3E12932-31F7-47D2-9B24-DCD8E40AC8FE}.Debug|Any CPU.ActiveCfg = Debug|Any CPU
		{F3E12932-31F7-47D2-9B24-DCD8E40AC8FE}.Debug|Any CPU.Build.0 = Debug|Any CPU
		{F3E12932-31F7-47D2-9B24-DCD8E40AC8FE}.Debug|x64.ActiveCfg = Debug|Any CPU
		{F3E12932-31F7-47D2-9B24-DCD8E40AC8FE}.Debug|x64.Build.0 = Debug|Any CPU
		{F3E12932-31F7-47D2-9B24-DCD8E40AC8FE}.Debug|x86.ActiveCfg = Debug|Any CPU
		{F3E12932-31F7-47D2-9B24-DCD8E40AC8FE}.Debug|x86.Build.0 = Debug|Any CPU
		{F3E12932-31F7-47D2-9B24-DCD8E40AC8FE}.Release|Any CPU.ActiveCfg = Release|Any CPU
		{F3E12932-31F7-47D2-9B24-DCD8E40AC8FE}.Release|Any CPU.Build.0 = Release|Any CPU
		{F3E12932-31F7-47D2-9B24-DCD8E40AC8FE}.Release|x64.ActiveCfg = Release|Any CPU
		{F3E12932-31F7-47D2-9B24-DCD8E40AC8FE}.Release|x64.Build.0 = Release|Any CPU
		{F3E12932-31F7-47D2-9B24-DCD8E40AC8FE}.Release|x86.ActiveCfg = Release|Any CPU
		{F3E12932-31F7-47D2-9B24-DCD8E40AC8FE}.Release|x86.Build.0 = Release|Any CPU
		{3954A634-68E6-453E-BA89-719C7B92EE36}.Debug|Any CPU.ActiveCfg = Debug|Any CPU
		{3954A634-68E6-453E-BA89-719C7B92EE36}.Debug|Any CPU.Build.0 = Debug|Any CPU
		{3954A634-68E6-453E-BA89-719C7B92EE36}.Debug|x64.ActiveCfg = Debug|Any CPU
		{3954A634-68E6-453E-BA89-719C7B92EE36}.Debug|x64.Build.0 = Debug|Any CPU
		{3954A634-68E6-453E-BA89-719C7B92EE36}.Debug|x86.ActiveCfg = Debug|Any CPU
		{3954A634-68E6-453E-BA89-719C7B92EE36}.Debug|x86.Build.0 = Debug|Any CPU
		{3954A634-68E6-453E-BA89-719C7B92EE36}.Release|Any CPU.ActiveCfg = Release|Any CPU
		{3954A634-68E6-453E-BA89-719C7B92EE36}.Release|Any CPU.Build.0 = Release|Any CPU
		{3954A634-68E6-453E-BA89-719C7B92EE36}.Release|x64.ActiveCfg = Release|Any CPU
		{3954A634-68E6-453E-BA89-719C7B92EE36}.Release|x64.Build.0 = Release|Any CPU
		{3954A634-68E6-453E-BA89-719C7B92EE36}.Release|x86.ActiveCfg = Release|Any CPU
		{3954A634-68E6-453E-BA89-719C7B92EE36}.Release|x86.Build.0 = Release|Any CPU
		{A80CA87B-C98A-4066-892C-E5598C4A643A}.Debug|Any CPU.ActiveCfg = Debug|Any CPU
		{A80CA87B-C98A-4066-892C-E5598C4A643A}.Debug|Any CPU.Build.0 = Debug|Any CPU
		{A80CA87B-C98A-4066-892C-E5598C4A643A}.Debug|x64.ActiveCfg = Debug|Any CPU
		{A80CA87B-C98A-4066-892C-E5598C4A643A}.Debug|x64.Build.0 = Debug|Any CPU
		{A80CA87B-C98A-4066-892C-E5598C4A643A}.Debug|x86.ActiveCfg = Debug|Any CPU
		{A80CA87B-C98A-4066-892C-E5598C4A643A}.Debug|x86.Build.0 = Debug|Any CPU
		{A80CA87B-C98A-4066-892C-E5598C4A643A}.Release|Any CPU.ActiveCfg = Release|Any CPU
		{A80CA87B-C98A-4066-892C-E5598C4A643A}.Release|Any CPU.Build.0 = Release|Any CPU
		{A80CA87B-C98A-4066-892C-E5598C4A643A}.Release|x64.ActiveCfg = Release|Any CPU
		{A80CA87B-C98A-4066-892C-E5598C4A643A}.Release|x64.Build.0 = Release|Any CPU
		{A80CA87B-C98A-4066-892C-E5598C4A643A}.Release|x86.ActiveCfg = Release|Any CPU
		{A80CA87B-C98A-4066-892C-E5598C4A643A}.Release|x86.Build.0 = Release|Any CPU
	EndGlobalSection
	GlobalSection(SolutionProperties) = preSolution
		HideSolutionNode = FALSE
	EndGlobalSection
	GlobalSection(NestedProjects) = preSolution
		{7715478F-22BB-4D3C-B5C1-4C1832730353} = {827E0CD3-B72D-47B6-A68D-7590B98EB39B}
		{0A5D3054-75FD-419F-908C-B60E1A77FD94} = {827E0CD3-B72D-47B6-A68D-7590B98EB39B}
		{2D4B8ACA-7DDF-4B31-BB7E-11AAF9B4D04D} = {827E0CD3-B72D-47B6-A68D-7590B98EB39B}
		{70A7EF82-6E09-4940-8AD1-9ADBE0D1174B} = {827E0CD3-B72D-47B6-A68D-7590B98EB39B}
		{709FA6AE-B6BC-4BD1-9F8E-0957B65367CD} = {0AB3BF05-4346-4AA6-1389-037BE0695223}
		{F3E12932-31F7-47D2-9B24-DCD8E40AC8FE} = {0AB3BF05-4346-4AA6-1389-037BE0695223}
		{3954A634-68E6-453E-BA89-719C7B92EE36} = {0AB3BF05-4346-4AA6-1389-037BE0695223}
		{A80CA87B-C98A-4066-892C-E5598C4A643A} = {0AB3BF05-4346-4AA6-1389-037BE0695223}
	EndGlobalSection
EndGlobal
